// !$*UTF8*$!
{
	archiveVersion = 1;
	classes = {
	};
	objectVersion = 50;
	objects = {

/* Begin PBXBuildFile section */
		9B687FE024FCC5F600A82717 /* AppDelegate.swift in Sources */ = {isa = PBXBuildFile; fileRef = 9B687FDF24FCC5F600A82717 /* AppDelegate.swift */; };
		9B687FE224FCC5F600A82717 /* SceneDelegate.swift in Sources */ = {isa = PBXBuildFile; fileRef = 9B687FE124FCC5F600A82717 /* SceneDelegate.swift */; };
		9B687FE424FCC5F600A82717 /* ViewController.swift in Sources */ = {isa = PBXBuildFile; fileRef = 9B687FE324FCC5F600A82717 /* ViewController.swift */; };
		9B687FE724FCC5F600A82717 /* Main.storyboard in Resources */ = {isa = PBXBuildFile; fileRef = 9B687FE524FCC5F600A82717 /* Main.storyboard */; };
		9B687FE924FCC60100A82717 /* Assets.xcassets in Resources */ = {isa = PBXBuildFile; fileRef = 9B687FE824FCC60100A82717 /* Assets.xcassets */; };
		9B687FEC24FCC60100A82717 /* LaunchScreen.storyboard in Resources */ = {isa = PBXBuildFile; fileRef = 9B687FEA24FCC60100A82717 /* LaunchScreen.storyboard */; };
		9B687FF724FCC60100A82717 /* ClonePinterestTests.swift in Sources */ = {isa = PBXBuildFile; fileRef = 9B687FF624FCC60100A82717 /* ClonePinterestTests.swift */; };
		9B68800224FCC60100A82717 /* ClonePinterestUITests.swift in Sources */ = {isa = PBXBuildFile; fileRef = 9B68800124FCC60100A82717 /* ClonePinterestUITests.swift */; };
		9B68801124FCD46100A82717 /* ImageCollectionViewCell.swift in Sources */ = {isa = PBXBuildFile; fileRef = 9B68800F24FCD46000A82717 /* ImageCollectionViewCell.swift */; };
		9B68801224FCD46100A82717 /* ImageCollectionViewCell.xib in Resources */ = {isa = PBXBuildFile; fileRef = 9B68801024FCD46000A82717 /* ImageCollectionViewCell.xib */; };
		9B68801624FCEA5300A82717 /* Layout.swift in Sources */ = {isa = PBXBuildFile; fileRef = 9B68801524FCEA5300A82717 /* Layout.swift */; };
/* End PBXBuildFile section */

/* Begin PBXContainerItemProxy section */
		9B687FF324FCC60100A82717 /* PBXContainerItemProxy */ = {
			isa = PBXContainerItemProxy;
			containerPortal = 9B687FD424FCC5F600A82717 /* Project object */;
			proxyType = 1;
			remoteGlobalIDString = 9B687FDB24FCC5F600A82717;
			remoteInfo = ClonePinterest;
		};
		9B687FFE24FCC60100A82717 /* PBXContainerItemProxy */ = {
			isa = PBXContainerItemProxy;
			containerPortal = 9B687FD424FCC5F600A82717 /* Project object */;
			proxyType = 1;
			remoteGlobalIDString = 9B687FDB24FCC5F600A82717;
			remoteInfo = ClonePinterest;
		};
/* End PBXContainerItemProxy section */

/* Begin PBXFileReference section */
		9B687FDC24FCC5F600A82717 /* ClonePinterest.app */ = {isa = PBXFileReference; explicitFileType = wrapper.application; includeInIndex = 0; path = ClonePinterest.app; sourceTree = BUILT_PRODUCTS_DIR; };
		9B687FDF24FCC5F600A82717 /* AppDelegate.swift */ = {isa = PBXFileReference; lastKnownFileType = sourcecode.swift; path = AppDelegate.swift; sourceTree = "<group>"; };
		9B687FE124FCC5F600A82717 /* SceneDelegate.swift */ = {isa = PBXFileReference; lastKnownFileType = sourcecode.swift; path = SceneDelegate.swift; sourceTree = "<group>"; };
		9B687FE324FCC5F600A82717 /* ViewController.swift */ = {isa = PBXFileReference; lastKnownFileType = sourcecode.swift; path = ViewController.swift; sourceTree = "<group>"; };
		9B687FE624FCC5F600A82717 /* Base */ = {isa = PBXFileReference; lastKnownFileType = file.storyboard; name = Base; path = Base.lproj/Main.storyboard; sourceTree = "<group>"; };
		9B687FE824FCC60100A82717 /* Assets.xcassets */ = {isa = PBXFileReference; lastKnownFileType = folder.assetcatalog; path = Assets.xcassets; sourceTree = "<group>"; };
		9B687FEB24FCC60100A82717 /* Base */ = {isa = PBXFileReference; lastKnownFileType = file.storyboard; name = Base; path = Base.lproj/LaunchScreen.storyboard; sourceTree = "<group>"; };
		9B687FED24FCC60100A82717 /* Info.plist */ = {isa = PBXFileReference; lastKnownFileType = text.plist.xml; path = Info.plist; sourceTree = "<group>"; };
		9B687FF224FCC60100A82717 /* ClonePinterestTests.xctest */ = {isa = PBXFileReference; explicitFileType = wrapper.cfbundle; includeInIndex = 0; path = ClonePinterestTests.xctest; sourceTree = BUILT_PRODUCTS_DIR; };
		9B687FF624FCC60100A82717 /* ClonePinterestTests.swift */ = {isa = PBXFileReference; lastKnownFileType = sourcecode.swift; path = ClonePinterestTests.swift; sourceTree = "<group>"; };
		9B687FF824FCC60100A82717 /* Info.plist */ = {isa = PBXFileReference; lastKnownFileType = text.plist.xml; path = Info.plist; sourceTree = "<group>"; };
		9B687FFD24FCC60100A82717 /* ClonePinterestUITests.xctest */ = {isa = PBXFileReference; explicitFileType = wrapper.cfbundle; includeInIndex = 0; path = ClonePinterestUITests.xctest; sourceTree = BUILT_PRODUCTS_DIR; };
		9B68800124FCC60100A82717 /* ClonePinterestUITests.swift */ = {isa = PBXFileReference; lastKnownFileType = sourcecode.swift; path = ClonePinterestUITests.swift; sourceTree = "<group>"; };
		9B68800324FCC60100A82717 /* Info.plist */ = {isa = PBXFileReference; lastKnownFileType = text.plist.xml; path = Info.plist; sourceTree = "<group>"; };
		9B68800F24FCD46000A82717 /* ImageCollectionViewCell.swift */ = {isa = PBXFileReference; lastKnownFileType = sourcecode.swift; path = ImageCollectionViewCell.swift; sourceTree = "<group>"; };
		9B68801024FCD46000A82717 /* ImageCollectionViewCell.xib */ = {isa = PBXFileReference; lastKnownFileType = file.xib; path = ImageCollectionViewCell.xib; sourceTree = "<group>"; };
		9B68801524FCEA5300A82717 /* Layout.swift */ = {isa = PBXFileReference; lastKnownFileType = sourcecode.swift; path = Layout.swift; sourceTree = "<group>"; };
/* End PBXFileReference section */

/* Begin PBXFrameworksBuildPhase section */
		9B687FD924FCC5F600A82717 /* Frameworks */ = {
			isa = PBXFrameworksBuildPhase;
			buildActionMask = 2147483647;
			files = (
			);
			runOnlyForDeploymentPostprocessing = 0;
		};
		9B687FEF24FCC60100A82717 /* Frameworks */ = {
			isa = PBXFrameworksBuildPhase;
			buildActionMask = 2147483647;
			files = (
			);
			runOnlyForDeploymentPostprocessing = 0;
		};
		9B687FFA24FCC60100A82717 /* Frameworks */ = {
			isa = PBXFrameworksBuildPhase;
			buildActionMask = 2147483647;
			files = (
			);
			runOnlyForDeploymentPostprocessing = 0;
		};
/* End PBXFrameworksBuildPhase section */

/* Begin PBXGroup section */
		9B687FD324FCC5F600A82717 = {
			isa = PBXGroup;
			children = (
				9B687FDE24FCC5F600A82717 /* ClonePinterest */,
				9B687FF524FCC60100A82717 /* ClonePinterestTests */,
				9B68800024FCC60100A82717 /* ClonePinterestUITests */,
				9B687FDD24FCC5F600A82717 /* Products */,
			);
			sourceTree = "<group>";
		};
		9B687FDD24FCC5F600A82717 /* Products */ = {
			isa = PBXGroup;
			children = (
				9B687FDC24FCC5F600A82717 /* ClonePinterest.app */,
				9B687FF224FCC60100A82717 /* ClonePinterestTests.xctest */,
				9B687FFD24FCC60100A82717 /* ClonePinterestUITests.xctest */,
			);
			name = Products;
			sourceTree = "<group>";
		};
		9B687FDE24FCC5F600A82717 /* ClonePinterest */ = {
			isa = PBXGroup;
			children = (
				9B687FDF24FCC5F600A82717 /* AppDelegate.swift */,
				9B687FE124FCC5F600A82717 /* SceneDelegate.swift */,
				9B68801524FCEA5300A82717 /* Layout.swift */,
				9B687FE324FCC5F600A82717 /* ViewController.swift */,
				9B687FE524FCC5F600A82717 /* Main.storyboard */,
				9B687FE824FCC60100A82717 /* Assets.xcassets */,
				9B687FEA24FCC60100A82717 /* LaunchScreen.storyboard */,
				9B687FED24FCC60100A82717 /* Info.plist */,
				9B68800F24FCD46000A82717 /* ImageCollectionViewCell.swift */,
				9B68801024FCD46000A82717 /* ImageCollectionViewCell.xib */,
			);
			path = ClonePinterest;
			sourceTree = "<group>";
		};
		9B687FF524FCC60100A82717 /* ClonePinterestTests */ = {
			isa = PBXGroup;
			children = (
				9B687FF624FCC60100A82717 /* ClonePinterestTests.swift */,
				9B687FF824FCC60100A82717 /* Info.plist */,
			);
			path = ClonePinterestTests;
			sourceTree = "<group>";
		};
		9B68800024FCC60100A82717 /* ClonePinterestUITests */ = {
			isa = PBXGroup;
			children = (
				9B68800124FCC60100A82717 /* ClonePinterestUITests.swift */,
				9B68800324FCC60100A82717 /* Info.plist */,
			);
			path = ClonePinterestUITests;
			sourceTree = "<group>";
		};
/* End PBXGroup section */

/* Begin PBXNativeTarget section */
		9B687FDB24FCC5F600A82717 /* ClonePinterest */ = {
			isa = PBXNativeTarget;
			buildConfigurationList = 9B68800624FCC60100A82717 /* Build configuration list for PBXNativeTarget "ClonePinterest" */;
			buildPhases = (
				9B687FD824FCC5F600A82717 /* Sources */,
				9B687FD924FCC5F600A82717 /* Frameworks */,
				9B687FDA24FCC5F600A82717 /* Resources */,
			);
			buildRules = (
			);
			dependencies = (
			);
			name = ClonePinterest;
			productName = ClonePinterest;
			productReference = 9B687FDC24FCC5F600A82717 /* ClonePinterest.app */;
			productType = "com.apple.product-type.application";
		};
		9B687FF124FCC60100A82717 /* ClonePinterestTests */ = {
			isa = PBXNativeTarget;
			buildConfigurationList = 9B68800924FCC60100A82717 /* Build configuration list for PBXNativeTarget "ClonePinterestTests" */;
			buildPhases = (
				9B687FEE24FCC60100A82717 /* Sources */,
				9B687FEF24FCC60100A82717 /* Frameworks */,
				9B687FF024FCC60100A82717 /* Resources */,
			);
			buildRules = (
			);
			dependencies = (
				9B687FF424FCC60100A82717 /* PBXTargetDependency */,
			);
			name = ClonePinterestTests;
			productName = ClonePinterestTests;
			productReference = 9B687FF224FCC60100A82717 /* ClonePinterestTests.xctest */;
			productType = "com.apple.product-type.bundle.unit-test";
		};
		9B687FFC24FCC60100A82717 /* ClonePinterestUITests */ = {
			isa = PBXNativeTarget;
			buildConfigurationList = 9B68800C24FCC60100A82717 /* Build configuration list for PBXNativeTarget "ClonePinterestUITests" */;
			buildPhases = (
				9B687FF924FCC60100A82717 /* Sources */,
				9B687FFA24FCC60100A82717 /* Frameworks */,
				9B687FFB24FCC60100A82717 /* Resources */,
			);
			buildRules = (
			);
			dependencies = (
				9B687FFF24FCC60100A82717 /* PBXTargetDependency */,
			);
			name = ClonePinterestUITests;
			productName = ClonePinterestUITests;
			productReference = 9B687FFD24FCC60100A82717 /* ClonePinterestUITests.xctest */;
			productType = "com.apple.product-type.bundle.ui-testing";
		};
/* End PBXNativeTarget section */

/* Begin PBXProject section */
		9B687FD424FCC5F600A82717 /* Project object */ = {
			isa = PBXProject;
			attributes = {
				LastSwiftUpdateCheck = 1160;
				LastUpgradeCheck = 1160;
				ORGANIZATIONNAME = "Phan Minh Thang";
				TargetAttributes = {
					9B687FDB24FCC5F600A82717 = {
						CreatedOnToolsVersion = 11.6;
					};
					9B687FF124FCC60100A82717 = {
						CreatedOnToolsVersion = 11.6;
						TestTargetID = 9B687FDB24FCC5F600A82717;
					};
					9B687FFC24FCC60100A82717 = {
						CreatedOnToolsVersion = 11.6;
						TestTargetID = 9B687FDB24FCC5F600A82717;
					};
				};
			};
			buildConfigurationList = 9B687FD724FCC5F600A82717 /* Build configuration list for PBXProject "ClonePinterest" */;
			compatibilityVersion = "Xcode 9.3";
			developmentRegion = en;
			hasScannedForEncodings = 0;
			knownRegions = (
				en,
				Base,
			);
			mainGroup = 9B687FD324FCC5F600A82717;
			productRefGroup = 9B687FDD24FCC5F600A82717 /* Products */;
			projectDirPath = "";
			projectRoot = "";
			targets = (
				9B687FDB24FCC5F600A82717 /* ClonePinterest */,
				9B687FF124FCC60100A82717 /* ClonePinterestTests */,
				9B687FFC24FCC60100A82717 /* ClonePinterestUITests */,
			);
		};
/* End PBXProject section */

/* Begin PBXResourcesBuildPhase section */
		9B687FDA24FCC5F600A82717 /* Resources */ = {
			isa = PBXResourcesBuildPhase;
			buildActionMask = 2147483647;
			files = (
				9B687FEC24FCC60100A82717 /* LaunchScreen.storyboard in Resources */,
				9B687FE924FCC60100A82717 /* Assets.xcassets in Resources */,
				9B68801224FCD46100A82717 /* ImageCollectionViewCell.xib in Resources */,
				9B687FE724FCC5F600A82717 /* Main.storyboard in Resources */,
			);
			runOnlyForDeploymentPostprocessing = 0;
		};
		9B687FF024FCC60100A82717 /* Resources */ = {
			isa = PBXResourcesBuildPhase;
			buildActionMask = 2147483647;
			files = (
			);
			runOnlyForDeploymentPostprocessing = 0;
		};
		9B687FFB24FCC60100A82717 /* Resources */ = {
			isa = PBXResourcesBuildPhase;
			buildActionMask = 2147483647;
			files = (
			);
			runOnlyForDeploymentPostprocessing = 0;
		};
/* End PBXResourcesBuildPhase section */

/* Begin PBXSourcesBuildPhase section */
		9B687FD824FCC5F600A82717 /* Sources */ = {
			isa = PBXSourcesBuildPhase;
			buildActionMask = 2147483647;
			files = (
				9B687FE424FCC5F600A82717 /* ViewController.swift in Sources */,
				9B687FE024FCC5F600A82717 /* AppDelegate.swift in Sources */,
				9B68801624FCEA5300A82717 /* Layout.swift in Sources */,
				9B68801124FCD46100A82717 /* ImageCollectionViewCell.swift in Sources */,
				9B687FE224FCC5F600A82717 /* SceneDelegate.swift in Sources */,
			);
			runOnlyForDeploymentPostprocessing = 0;
		};
		9B687FEE24FCC60100A82717 /* Sources */ = {
			isa = PBXSourcesBuildPhase;
			buildActionMask = 2147483647;
			files = (
				9B687FF724FCC60100A82717 /* ClonePinterestTests.swift in Sources */,
			);
			runOnlyForDeploymentPostprocessing = 0;
		};
		9B687FF924FCC60100A82717 /* Sources */ = {
			isa = PBXSourcesBuildPhase;
			buildActionMask = 2147483647;
			files = (
				9B68800224FCC60100A82717 /* ClonePinterestUITests.swift in Sources */,
			);
			runOnlyForDeploymentPostprocessing = 0;
		};
/* End PBXSourcesBuildPhase section */

/* Begin PBXTargetDependency section */
		9B687FF424FCC60100A82717 /* PBXTargetDependency */ = {
			isa = PBXTargetDependency;
			target = 9B687FDB24FCC5F600A82717 /* ClonePinterest */;
			targetProxy = 9B687FF324FCC60100A82717 /* PBXContainerItemProxy */;
		};
		9B687FFF24FCC60100A82717 /* PBXTargetDependency */ = {
			isa = PBXTargetDependency;
			target = 9B687FDB24FCC5F600A82717 /* ClonePinterest */;
			targetProxy = 9B687FFE24FCC60100A82717 /* PBXContainerItemProxy */;
		};
/* End PBXTargetDependency section */

/* Begin PBXVariantGroup section */
		9B687FE524FCC5F600A82717 /* Main.storyboard */ = {
			isa = PBXVariantGroup;
			children = (
				9B687FE624FCC5F600A82717 /* Base */,
			);
			name = Main.storyboard;
			sourceTree = "<group>";
		};
		9B687FEA24FCC60100A82717 /* LaunchScreen.storyboard */ = {
			isa = PBXVariantGroup;
			children = (
				9B687FEB24FCC60100A82717 /* Base */,
			);
			name = LaunchScreen.storyboard;
			sourceTree = "<group>";
		};
/* End PBXVariantGroup section */

/* Begin XCBuildConfiguration section */
		9B68800424FCC60100A82717 /* Debug */ = {
			isa = XCBuildConfiguration;
			buildSettings = {
				ALWAYS_SEARCH_USER_PATHS = NO;
				CLANG_ANALYZER_NONNULL = YES;
				CLANG_ANALYZER_NUMBER_OBJECT_CONVERSION = YES_AGGRESSIVE;
				CLANG_CXX_LANGUAGE_STANDARD = "gnu++14";
				CLANG_CXX_LIBRARY = "libc++";
				CLANG_ENABLE_MODULES = YES;
				CLANG_ENABLE_OBJC_ARC = YES;
				CLANG_ENABLE_OBJC_WEAK = YES;
				CLANG_WARN_BLOCK_CAPTURE_AUTORELEASING = YES;
				CLANG_WARN_BOOL_CONVERSION = YES;
				CLANG_WARN_COMMA = YES;
				CLANG_WARN_CONSTANT_CONVERSION = YES;
				CLANG_WARN_DEPRECATED_OBJC_IMPLEMENTATIONS = YES;
				CLANG_WARN_DIRECT_OBJC_ISA_USAGE = YES_ERROR;
				CLANG_WARN_DOCUMENTATION_COMMENTS = YES;
				CLANG_WARN_EMPTY_BODY = YES;
				CLANG_WARN_ENUM_CONVERSION = YES;
				CLANG_WARN_INFINITE_RECURSION = YES;
				CLANG_WARN_INT_CONVERSION = YES;
				CLANG_WARN_NON_LITERAL_NULL_CONVERSION = YES;
				CLANG_WARN_OBJC_IMPLICIT_RETAIN_SELF = YES;
				CLANG_WARN_OBJC_LITERAL_CONVERSION = YES;
				CLANG_WARN_OBJC_ROOT_CLASS = YES_ERROR;
				CLANG_WARN_RANGE_LOOP_ANALYSIS = YES;
				CLANG_WARN_STRICT_PROTOTYPES = YES;
				CLANG_WARN_SUSPICIOUS_MOVE = YES;
				CLANG_WARN_UNGUARDED_AVAILABILITY = YES_AGGRESSIVE;
				CLANG_WARN_UNREACHABLE_CODE = YES;
				CLANG_WARN__DUPLICATE_METHOD_MATCH = YES;
				COPY_PHASE_STRIP = NO;
				DEBUG_INFORMATION_FORMAT = dwarf;
				ENABLE_STRICT_OBJC_MSGSEND = YES;
				ENABLE_TESTABILITY = YES;
				GCC_C_LANGUAGE_STANDARD = gnu11;
				GCC_DYNAMIC_NO_PIC = NO;
				GCC_NO_COMMON_BLOCKS = YES;
				GCC_OPTIMIZATION_LEVEL = 0;
				GCC_PREPROCESSOR_DEFINITIONS = (
					"DEBUG=1",
					"$(inherited)",
				);
				GCC_WARN_64_TO_32_BIT_CONVERSION = YES;
				GCC_WARN_ABOUT_RETURN_TYPE = YES_ERROR;
				GCC_WARN_UNDECLARED_SELECTOR = YES;
				GCC_WARN_UNINITIALIZED_AUTOS = YES_AGGRESSIVE;
				GCC_WARN_UNUSED_FUNCTION = YES;
				GCC_WARN_UNUSED_VARIABLE = YES;
				IPHONEOS_DEPLOYMENT_TARGET = 13.6;
				MTL_ENABLE_DEBUG_INFO = INCLUDE_SOURCE;
				MTL_FAST_MATH = YES;
				ONLY_ACTIVE_ARCH = YES;
				SDKROOT = iphoneos;
				SWIFT_ACTIVE_COMPILATION_CONDITIONS = DEBUG;
				SWIFT_OPTIMIZATION_LEVEL = "-Onone";
			};
			name = Debug;
		};
		9B68800524FCC60100A82717 /* Release */ = {
			isa = XCBuildConfiguration;
			buildSettings = {
				ALWAYS_SEARCH_USER_PATHS = NO;
				CLANG_ANALYZER_NONNULL = YES;
				CLANG_ANALYZER_NUMBER_OBJECT_CONVERSION = YES_AGGRESSIVE;
				CLANG_CXX_LANGUAGE_STANDARD = "gnu++14";
				CLANG_CXX_LIBRARY = "libc++";
				CLANG_ENABLE_MODULES = YES;
				CLANG_ENABLE_OBJC_ARC = YES;
				CLANG_ENABLE_OBJC_WEAK = YES;
				CLANG_WARN_BLOCK_CAPTURE_AUTORELEASING = YES;
				CLANG_WARN_BOOL_CONVERSION = YES;
				CLANG_WARN_COMMA = YES;
				CLANG_WARN_CONSTANT_CONVERSION = YES;
				CLANG_WARN_DEPRECATED_OBJC_IMPLEMENTATIONS = YES;
				CLANG_WARN_DIRECT_OBJC_ISA_USAGE = YES_ERROR;
				CLANG_WARN_DOCUMENTATION_COMMENTS = YES;
				CLANG_WARN_EMPTY_BODY = YES;
				CLANG_WARN_ENUM_CONVERSION = YES;
				CLANG_WARN_INFINITE_RECURSION = YES;
				CLANG_WARN_INT_CONVERSION = YES;
				CLANG_WARN_NON_LITERAL_NULL_CONVERSION = YES;
				CLANG_WARN_OBJC_IMPLICIT_RETAIN_SELF = YES;
				CLANG_WARN_OBJC_LITERAL_CONVERSION = YES;
				CLANG_WARN_OBJC_ROOT_CLASS = YES_ERROR;
				CLANG_WARN_RANGE_LOOP_ANALYSIS = YES;
				CLANG_WARN_STRICT_PROTOTYPES = YES;
				CLANG_WARN_SUSPICIOUS_MOVE = YES;
				CLANG_WARN_UNGUARDED_AVAILABILITY = YES_AGGRESSIVE;
				CLANG_WARN_UNREACHABLE_CODE = YES;
				CLANG_WARN__DUPLICATE_METHOD_MATCH = YES;
				COPY_PHASE_STRIP = NO;
				DEBUG_INFORMATION_FORMAT = "dwarf-with-dsym";
				ENABLE_NS_ASSERTIONS = NO;
				ENABLE_STRICT_OBJC_MSGSEND = YES;
				GCC_C_LANGUAGE_STANDARD = gnu11;
				GCC_NO_COMMON_BLOCKS = YES;
				GCC_WARN_64_TO_32_BIT_CONVERSION = YES;
				GCC_WARN_ABOUT_RETURN_TYPE = YES_ERROR;
				GCC_WARN_UNDECLARED_SELECTOR = YES;
				GCC_WARN_UNINITIALIZED_AUTOS = YES_AGGRESSIVE;
				GCC_WARN_UNUSED_FUNCTION = YES;
				GCC_WARN_UNUSED_VARIABLE = YES;
				IPHONEOS_DEPLOYMENT_TARGET = 13.6;
				MTL_ENABLE_DEBUG_INFO = NO;
				MTL_FAST_MATH = YES;
				SDKROOT = iphoneos;
				SWIFT_COMPILATION_MODE = wholemodule;
				SWIFT_OPTIMIZATION_LEVEL = "-O";
				VALIDATE_PRODUCT = YES;
			};
			name = Release;
		};
		9B68800724FCC60100A82717 /* Debug */ = {
			isa = XCBuildConfiguration;
			buildSettings = {
				ASSETCATALOG_COMPILER_APPICON_NAME = AppIcon;
				CODE_SIGN_STYLE = Automatic;
				INFOPLIST_FILE = ClonePinterest/Info.plist;
				LD_RUNPATH_SEARCH_PATHS = (
					"$(inherited)",
					"@executable_path/Frameworks",
				);
				PRODUCT_BUNDLE_IDENTIFIER = VTI.ClonePinterest;
				PRODUCT_NAME = "$(TARGET_NAME)";
				SWIFT_VERSION = 5.0;
				TARGETED_DEVICE_FAMILY = "1,2";
			};
			name = Debug;
		};
		9B68800824FCC60100A82717 /* Release */ = {
			isa = XCBuildConfiguration;
			buildSettings = {
				ASSETCATALOG_COMPILER_APPICON_NAME = AppIcon;
				CODE_SIGN_STYLE = Automatic;
				INFOPLIST_FILE = ClonePinterest/Info.plist;
				LD_RUNPATH_SEARCH_PATHS = (
					"$(inherited)",
					"@executable_path/Frameworks",
				);
				PRODUCT_BUNDLE_IDENTIFIER = VTI.ClonePinterest;
				PRODUCT_NAME = "$(TARGET_NAME)";
				SWIFT_VERSION = 5.0;
				TARGETED_DEVICE_FAMILY = "1,2";
			};
			name = Release;
		};
		9B68800A24FCC60100A82717 /* Debug */ = {
			isa = XCBuildConfiguration;
			buildSettings = {
				ALWAYS_EMBED_SWIFT_STANDARD_LIBRARIES = YES;
				BUNDLE_LOADER = "$(TEST_HOST)";
				CODE_SIGN_STYLE = Automatic;
				INFOPLIST_FILE = ClonePinterestTests/Info.plist;
				IPHONEOS_DEPLOYMENT_TARGET = 13.6;
				LD_RUNPATH_SEARCH_PATHS = (
					"$(inherited)",
					"@executable_path/Frameworks",
					"@loader_path/Frameworks",
				);
				PRODUCT_BUNDLE_IDENTIFIER = VTI.ClonePinterestTests;
				PRODUCT_NAME = "$(TARGET_NAME)";
				SWIFT_VERSION = 5.0;
				TARGETED_DEVICE_FAMILY = "1,2";
				TEST_HOST = "$(BUILT_PRODUCTS_DIR)/ClonePinterest.app/ClonePinterest";
			};
			name = Debug;
		};
		9B68800B24FCC60100A82717 /* Release */ = {
			isa = XCBuildConfiguration;
			buildSettings = {
				ALWAYS_EMBED_SWIFT_STANDARD_LIBRARIES = YES;
				BUNDLE_LOADER = "$(TEST_HOST)";
				CODE_SIGN_STYLE = Automatic;
				INFOPLIST_FILE = ClonePinterestTests/Info.plist;
				IPHONEOS_DEPLOYMENT_TARGET = 13.6;
				LD_RUNPATH_SEARCH_PATHS = (
					"$(inherited)",
					"@executable_path/Frameworks",
					"@loader_path/Frameworks",
				);
				PRODUCT_BUNDLE_IDENTIFIER = VTI.ClonePinterestTests;
				PRODUCT_NAME = "$(TARGET_NAME)";
				SWIFT_VERSION = 5.0;
				TARGETED_DEVICE_FAMILY = "1,2";
				TEST_HOST = "$(BUILT_PRODUCTS_DIR)/ClonePinterest.app/ClonePinterest";
			};
			name = Release;
		};
		9B68800D24FCC60100A82717 /* Debug */ = {
			isa = XCBuildConfiguration;
			buildSettings = {
				ALWAYS_EMBED_SWIFT_STANDARD_LIBRARIES = YES;
				CODE_SIGN_STYLE = Automatic;
				INFOPLIST_FILE = ClonePinterestUITests/Info.plist;
				LD_RUNPATH_SEARCH_PATHS = (
					"$(inherited)",
					"@executable_path/Frameworks",
					"@loader_path/Frameworks",
				);
				PRODUCT_BUNDLE_IDENTIFIER = VTI.ClonePinterestUITests;
				PRODUCT_NAME = "$(TARGET_NAME)";
				SWIFT_VERSION = 5.0;
				TARGETED_DEVICE_FAMILY = "1,2";
				TEST_TARGET_NAME = ClonePinterest;
			};
			name = Debug;
		};
		9B68800E24FCC60100A82717 /* Release */ = {
			isa = XCBuildConfiguration;
			buildSettings = {
				ALWAYS_EMBED_SWIFT_STANDARD_LIBRARIES = YES;
				CODE_SIGN_STYLE = Automatic;
				INFOPLIST_FILE = ClonePinterestUITests/Info.plist;
				LD_RUNPATH_SEARCH_PATHS = (
					"$(inherited)",
					"@executable_path/Frameworks",
					"@loader_path/Frameworks",
				);
				PRODUCT_BUNDLE_IDENTIFIER = VTI.ClonePinterestUITests;
				PRODUCT_NAME = "$(TARGET_NAME)";
				SWIFT_VERSION = 5.0;
				TARGETED_DEVICE_FAMILY = "1,2";
				TEST_TARGET_NAME = ClonePinterest;
			};
			name = Release;
		};
/* End XCBuildConfiguration section */

/* Begin XCConfigurationList section */
		9B687FD724FCC5F600A82717 /* Build configuration list for PBXProject "ClonePinterest" */ = {
			isa = XCConfigurationList;
			buildConfigurations = (
				9B68800424FCC60100A82717 /* Debug */,
				9B68800524FCC60100A82717 /* Release */,
			);
			defaultConfigurationIsVisible = 0;
			defaultConfigurationName = Release;
		};
		9B68800624FCC60100A82717 /* Build configuration list for PBXNativeTarget "ClonePinterest" */ = {
			isa = XCConfigurationList;
			buildConfigurations = (
				9B68800724FCC60100A82717 /* Debug */,
				9B68800824FCC60100A82717 /* Release */,
			);
			defaultConfigurationIsVisible = 0;
			defaultConfigurationName = Release;
		};
		9B68800924FCC60100A82717 /* Build configuration list for PBXNativeTarget "ClonePinterestTests" */ = {
			isa = XCConfigurationList;
			buildConfigurations = (
				9B68800A24FCC60100A82717 /* Debug */,
				9B68800B24FCC60100A82717 /* Release */,
			);
			defaultConfigurationIsVisible = 0;
			defaultConfigurationName = Release;
		};
		9B68800C24FCC60100A82717 /* Build configuration list for PBXNativeTarget "ClonePinterestUITests" */ = {
			isa = XCConfigurationList;
			buildConfigurations = (
				9B68800D24FCC60100A82717 /* Debug */,
				9B68800E24FCC60100A82717 /* Release */,
			);
			defaultConfigurationIsVisible = 0;
			defaultConfigurationName = Release;
		};
/* End XCConfigurationList section */
	};
	rootObject = 9B687FD424FCC5F600A82717 /* Project object */;
}
